
Microsoft Visual Studio Solution File, Format Version 12.00
# Visual Studio Version 17
VisualStudioVersion = 17.14.36518.9
MinimumVisualStudioVersion = 10.0.40219.1
Project("{FAE04EC0-301F-11D3-BF4B-00C04F79EFBC}") = "UIeXtension", "UIeXtension.csproj", "{6A3967E4-6621-7AAC-DFDD-D968230B3C4D}"
EndProject
Project("{FAE04EC0-301F-11D3-BF4B-00C04F79EFBC}") = "ExampleModUIeXtension", "..\ExampleModUIeXtension\ExampleModUIeXtension.csproj", "{729CB253-87DF-5FF0-F0EC-C0162A46D04D}"
EndProject
Global
	GlobalSection(SolutionConfigurationPlatforms) = preSolution
		Debug|Any CPU = Debug|Any CPU
		Release|Any CPU = Release|Any CPU
	EndGlobalSection
	GlobalSection(ProjectConfigurationPlatforms) = postSolution
		{6A3967E4-6621-7AAC-DFDD-D968230B3C4D}.Debug|Any CPU.ActiveCfg = Debug|Any CPU
		{6A3967E4-6621-7AAC-DFDD-D968230B3C4D}.Debug|Any CPU.Build.0 = Debug|Any CPU
		{6A3967E4-6621-7AAC-DFDD-D968230B3C4D}.Release|Any CPU.ActiveCfg = Release|Any CPU
		{6A3967E4-6621-7AAC-DFDD-D968230B3C4D}.Release|Any CPU.Build.0 = Release|Any CPU
		{729CB253-87DF-5FF0-F0EC-C0162A46D04D}.Debug|Any CPU.ActiveCfg = Debug|Any CPU
		{729CB253-87DF-5FF0-F0EC-C0162A46D04D}.Debug|Any CPU.Build.0 = Debug|Any CPU
		{729CB253-87DF-5FF0-F0EC-C0162A46D04D}.Release|Any CPU.ActiveCfg = Release|Any CPU
		{729CB253-87DF-5FF0-F0EC-C0162A46D04D}.Release|Any CPU.Build.0 = Release|Any CPU
	EndGlobalSection
	GlobalSection(SolutionProperties) = preSolution
		HideSolutionNode = FALSE
	EndGlobalSection
	GlobalSection(ExtensibilityGlobals) = postSolution
		SolutionGuid = {1260CD6A-C698-42CE-B1A0-77EE48247685}
	EndGlobalSection
EndGlobal
